
Microsoft Visual Studio Solution File, Format Version 12.00
# Visual Studio Version 17
VisualStudioVersion = 17.0.31903.59
MinimumVisualStudioVersion = 10.0.40219.1
Project("{FAE04EC0-301F-11D3-BF4B-00C04F79EFBC}") = "Assessment.Domain", "Assessment.Domain\Assessment.Domain.csproj", "{7B745360-743C-4457-A7F3-2954CEBD816D}"
EndProject
Project("{FAE04EC0-301F-11D3-BF4B-00C04F79EFBC}") = "Assessment.Application", "Assessment.Application\Assessment.Application.csproj", "{F0C77EAE-ACC3-4261-B878-A9D9E9C7DC8E}"
EndProject
Project("{FAE04EC0-301F-11D3-BF4B-00C04F79EFBC}") = "Assessment.Infrastructure", "Assessment.Infrastructure\Assessment.Infrastructure.csproj", "{501636A0-DA91-4901-95C4-DCEA9D13E313}"
EndProject
Project("{FAE04EC0-301F-11D3-BF4B-00C04F79EFBC}") = "Assessment.Api", "Assessment.Api\Assessment.Api.csproj", "{48D61873-EB41-406A-94F1-CA8423135326}"
EndProject
Project("{FAE04EC0-301F-11D3-BF4B-00C04F79EFBC}") = "Assessment.Tests", "Assessment.Tests\Assessment.Tests.csproj", "{6A809557-4B30-4C53-BD63-3F17CDB6DC40}"
EndProject
Global
	GlobalSection(SolutionConfigurationPlatforms) = preSolution
		Debug|Any CPU = Debug|Any CPU
		Release|Any CPU = Release|Any CPU
	EndGlobalSection
	GlobalSection(SolutionProperties) = preSolution
		HideSolutionNode = FALSE
	EndGlobalSection
	GlobalSection(ProjectConfigurationPlatforms) = postSolution
		{7B745360-743C-4457-A7F3-2954CEBD816D}.Debug|Any CPU.ActiveCfg = Debug|Any CPU
		{7B745360-743C-4457-A7F3-2954CEBD816D}.Debug|Any CPU.Build.0 = Debug|Any CPU
		{7B745360-743C-4457-A7F3-2954CEBD816D}.Release|Any CPU.ActiveCfg = Release|Any CPU
		{7B745360-743C-4457-A7F3-2954CEBD816D}.Release|Any CPU.Build.0 = Release|Any CPU
		{F0C77EAE-ACC3-4261-B878-A9D9E9C7DC8E}.Debug|Any CPU.ActiveCfg = Debug|Any CPU
		{F0C77EAE-ACC3-4261-B878-A9D9E9C7DC8E}.Debug|Any CPU.Build.0 = Debug|Any CPU
		{F0C77EAE-ACC3-4261-B878-A9D9E9C7DC8E}.Release|Any CPU.ActiveCfg = Release|Any CPU
		{F0C77EAE-ACC3-4261-B878-A9D9E9C7DC8E}.Release|Any CPU.Build.0 = Release|Any CPU
		{501636A0-DA91-4901-95C4-DCEA9D13E313}.Debug|Any CPU.ActiveCfg = Debug|Any CPU
		{501636A0-DA91-4901-95C4-DCEA9D13E313}.Debug|Any CPU.Build.0 = Debug|Any CPU
		{501636A0-DA91-4901-95C4-DCEA9D13E313}.Release|Any CPU.ActiveCfg = Release|Any CPU
		{501636A0-DA91-4901-95C4-DCEA9D13E313}.Release|Any CPU.Build.0 = Release|Any CPU
		{48D61873-EB41-406A-94F1-CA8423135326}.Debug|Any CPU.ActiveCfg = Debug|Any CPU
		{48D61873-EB41-406A-94F1-CA8423135326}.Debug|Any CPU.Build.0 = Debug|Any CPU
		{48D61873-EB41-406A-94F1-CA8423135326}.Release|Any CPU.ActiveCfg = Release|Any CPU
		{48D61873-EB41-406A-94F1-CA8423135326}.Release|Any CPU.Build.0 = Release|Any CPU
		{6A809557-4B30-4C53-BD63-3F17CDB6DC40}.Debug|Any CPU.ActiveCfg = Debug|Any CPU
		{6A809557-4B30-4C53-BD63-3F17CDB6DC40}.Debug|Any CPU.Build.0 = Debug|Any CPU
		{6A809557-4B30-4C53-BD63-3F17CDB6DC40}.Release|Any CPU.ActiveCfg = Release|Any CPU
		{6A809557-4B30-4C53-BD63-3F17CDB6DC40}.Release|Any CPU.Build.0 = Release|Any CPU
	EndGlobalSection
EndGlobal
